
Microsoft Visual Studio Solution File, Format Version 12.00
# Visual Studio Version 17
VisualStudioVersion = 17.8.34330.188
MinimumVisualStudioVersion = 10.0.40219.1
Project("{FAE04EC0-301F-11D3-BF4B-00C04F79EFBC}") = "Labb2 Trådar", "Labb2 Trådar\Labb2 Trådar.csproj", "{461F7089-D798-4086-9698-F0EF80200899}"
EndProject
Global
	GlobalSection(SolutionConfigurationPlatforms) = preSolution
		Debug|Any CPU = Debug|Any CPU
		Release|Any CPU = Release|Any CPU
	EndGlobalSection
	GlobalSection(ProjectConfigurationPlatforms) = postSolution
		{461F7089-D798-4086-9698-F0EF80200899}.Debug|Any CPU.ActiveCfg = Debug|Any CPU
		{461F7089-D798-4086-9698-F0EF80200899}.Debug|Any CPU.Build.0 = Debug|Any CPU
		{461F7089-D798-4086-9698-F0EF80200899}.Release|Any CPU.ActiveCfg = Release|Any CPU
		{461F7089-D798-4086-9698-F0EF80200899}.Release|Any CPU.Build.0 = Release|Any CPU
	EndGlobalSection
	GlobalSection(SolutionProperties) = preSolution
		HideSolutionNode = FALSE
	EndGlobalSection
	GlobalSection(ExtensibilityGlobals) = postSolution
		SolutionGuid = {7177C723-E882-4D01-A214-AFC714505623}
	EndGlobalSection
EndGlobal
